
Microsoft Visual Studio Solution File, Format Version 12.00
# Visual Studio 2012
Project("{FAE04EC0-301F-11D3-BF4B-00C04F79EFBC}") = "GameMusicInfoReader", "GameMusicInfoReader\GameMusicInfoReader.csproj", "{A3643B06-CD51-41C7-B199-D83A25F1E071}"
EndProject
Project("{FAE04EC0-301F-11D3-BF4B-00C04F79EFBC}") = "GameInfoTestApp", "GameInfoTestApp\GameInfoTestApp.csproj", "{CAB80927-BE17-4C38-8D68-8EA0731E933D}"
EndProject
Global
	GlobalSection(SolutionConfigurationPlatforms) = preSolution
		Debug|Any CPU = Debug|Any CPU
		Release|Any CPU = Release|Any CPU
	EndGlobalSection
	GlobalSection(ProjectConfigurationPlatforms) = postSolution
		{A3643B06-CD51-41C7-B199-D83A25F1E071}.Debug|Any CPU.ActiveCfg = Debug|Any CPU
		{A3643B06-CD51-41C7-B199-D83A25F1E071}.Debug|Any CPU.Build.0 = Debug|Any CPU
		{A3643B06-CD51-41C7-B199-D83A25F1E071}.Release|Any CPU.ActiveCfg = Release|Any CPU
		{A3643B06-CD51-41C7-B199-D83A25F1E071}.Release|Any CPU.Build.0 = Release|Any CPU
		{CAB80927-BE17-4C38-8D68-8EA0731E933D}.Debug|Any CPU.ActiveCfg = Debug|Any CPU
		{CAB80927-BE17-4C38-8D68-8EA0731E933D}.Debug|Any CPU.Build.0 = Debug|Any CPU
		{CAB80927-BE17-4C38-8D68-8EA0731E933D}.Release|Any CPU.ActiveCfg = Release|Any CPU
		{CAB80927-BE17-4C38-8D68-8EA0731E933D}.Release|Any CPU.Build.0 = Release|Any CPU
	EndGlobalSection
	GlobalSection(SolutionProperties) = preSolution
		HideSolutionNode = FALSE
	EndGlobalSection
EndGlobal
